
Microsoft Visual Studio Solution File, Format Version 12.00
# Visual Studio Version 17
VisualStudioVersion = 17.3.32901.215
MinimumVisualStudioVersion = 10.0.40219.1
Project("{FAE04EC0-301F-11D3-BF4B-00C04F79EFBC}") = "BlazorApp1.Server", "BlazorApp1\Server\BlazorApp1.Server.csproj", "{2959E718-5897-4E30-996C-A7B86591BE87}"
EndProject
Project("{FAE04EC0-301F-11D3-BF4B-00C04F79EFBC}") = "BlazorApp1.Client", "BlazorApp1\Client\BlazorApp1.Client.csproj", "{A5DE666D-F394-48F2-8B32-C5F6D191BB97}"
EndProject
Project("{FAE04EC0-301F-11D3-BF4B-00C04F79EFBC}") = "BlazorApp1.Shared", "BlazorApp1\Shared\BlazorApp1.Shared.csproj", "{CB0C58D9-4D29-4CE1-96EE-41CA06FF45BE}"
EndProject
Global
	GlobalSection(SolutionConfigurationPlatforms) = preSolution
		Debug|Any CPU = Debug|Any CPU
		Release|Any CPU = Release|Any CPU
	EndGlobalSection
	GlobalSection(ProjectConfigurationPlatforms) = postSolution
		{2959E718-5897-4E30-996C-A7B86591BE87}.Debug|Any CPU.ActiveCfg = Debug|Any CPU
		{2959E718-5897-4E30-996C-A7B86591BE87}.Debug|Any CPU.Build.0 = Debug|Any CPU
		{2959E718-5897-4E30-996C-A7B86591BE87}.Release|Any CPU.ActiveCfg = Release|Any CPU
		{2959E718-5897-4E30-996C-A7B86591BE87}.Release|Any CPU.Build.0 = Release|Any CPU
		{A5DE666D-F394-48F2-8B32-C5F6D191BB97}.Debug|Any CPU.ActiveCfg = Debug|Any CPU
		{A5DE666D-F394-48F2-8B32-C5F6D191BB97}.Debug|Any CPU.Build.0 = Debug|Any CPU
		{A5DE666D-F394-48F2-8B32-C5F6D191BB97}.Release|Any CPU.ActiveCfg = Release|Any CPU
		{A5DE666D-F394-48F2-8B32-C5F6D191BB97}.Release|Any CPU.Build.0 = Release|Any CPU
		{CB0C58D9-4D29-4CE1-96EE-41CA06FF45BE}.Debug|Any CPU.ActiveCfg = Debug|Any CPU
		{CB0C58D9-4D29-4CE1-96EE-41CA06FF45BE}.Debug|Any CPU.Build.0 = Debug|Any CPU
		{CB0C58D9-4D29-4CE1-96EE-41CA06FF45BE}.Release|Any CPU.ActiveCfg = Release|Any CPU
		{CB0C58D9-4D29-4CE1-96EE-41CA06FF45BE}.Release|Any CPU.Build.0 = Release|Any CPU
	EndGlobalSection
	GlobalSection(SolutionProperties) = preSolution
		HideSolutionNode = FALSE
	EndGlobalSection
	GlobalSection(ExtensibilityGlobals) = postSolution
		SolutionGuid = {900E7B46-31AC-4171-95C4-EC50F173E4AC}
	EndGlobalSection
EndGlobal
